// !$*UTF8*$!
{
	archiveVersion = 1;
	classes = {
	};
	objectVersion = 48;
	objects = {

/* Begin PBXBuildFile section */
		FDCA8DDE1F993802000C684F /* AppDelegate.swift in Sources */ = {isa = PBXBuildFile; fileRef = FDCA8DDD1F993802000C684F /* AppDelegate.swift */; };
		FDCA8DE31F993802000C684F /* Main.storyboard in Resources */ = {isa = PBXBuildFile; fileRef = FDCA8DE11F993802000C684F /* Main.storyboard */; };
		FDCA8DE51F993802000C684F /* Assets.xcassets in Resources */ = {isa = PBXBuildFile; fileRef = FDCA8DE41F993802000C684F /* Assets.xcassets */; };
		FDCA8DE81F993802000C684F /* LaunchScreen.storyboard in Resources */ = {isa = PBXBuildFile; fileRef = FDCA8DE61F993802000C684F /* LaunchScreen.storyboard */; };
		FDCA8DF01F99383C000C684F /* CategoryViewController.swift in Sources */ = {isa = PBXBuildFile; fileRef = FDCA8DEF1F99383C000C684F /* CategoryViewController.swift */; };
		FDCA8DF21F9952EE000C684F /* CategoryCollectionViewCell.swift in Sources */ = {isa = PBXBuildFile; fileRef = FDCA8DF11F9952EE000C684F /* CategoryCollectionViewCell.swift */; };
		FDCA8DF61F996CE5000C684F /* Article.swift in Sources */ = {isa = PBXBuildFile; fileRef = FDCA8DF51F996CE5000C684F /* Article.swift */; };
		FDCA8DF81F99754B000C684F /* NetworkController.swift in Sources */ = {isa = PBXBuildFile; fileRef = FDCA8DF71F99754B000C684F /* NetworkController.swift */; };
		FDCA8DFA1F997582000C684F /* ArticleController.swift in Sources */ = {isa = PBXBuildFile; fileRef = FDCA8DF91F997582000C684F /* ArticleController.swift */; };
		FDCA8DFC1F99811B000C684F /* Category.swift in Sources */ = {isa = PBXBuildFile; fileRef = FDCA8DFB1F99811B000C684F /* Category.swift */; };
		FDCA8E021F998365000C684F /* CategoryController.swift in Sources */ = {isa = PBXBuildFile; fileRef = FDCA8E011F998365000C684F /* CategoryController.swift */; };
		FDE80EAE1F9A735F0062038E /* ListViewController.swift in Sources */ = {isa = PBXBuildFile; fileRef = FDE80EAD1F9A735F0062038E /* ListViewController.swift */; };
/* End PBXBuildFile section */

/* Begin PBXFileReference section */
		FDCA8DDA1F993802000C684F /* Newsly.app */ = {isa = PBXFileReference; explicitFileType = wrapper.application; includeInIndex = 0; path = Newsly.app; sourceTree = BUILT_PRODUCTS_DIR; };
		FDCA8DDD1F993802000C684F /* AppDelegate.swift */ = {isa = PBXFileReference; lastKnownFileType = sourcecode.swift; path = AppDelegate.swift; sourceTree = "<group>"; };
		FDCA8DE21F993802000C684F /* Base */ = {isa = PBXFileReference; lastKnownFileType = file.storyboard; name = Base; path = Base.lproj/Main.storyboard; sourceTree = "<group>"; };
		FDCA8DE41F993802000C684F /* Assets.xcassets */ = {isa = PBXFileReference; lastKnownFileType = folder.assetcatalog; path = Assets.xcassets; sourceTree = "<group>"; };
		FDCA8DE71F993802000C684F /* Base */ = {isa = PBXFileReference; lastKnownFileType = file.storyboard; name = Base; path = Base.lproj/LaunchScreen.storyboard; sourceTree = "<group>"; };
		FDCA8DE91F993802000C684F /* Info.plist */ = {isa = PBXFileReference; lastKnownFileType = text.plist.xml; path = Info.plist; sourceTree = "<group>"; };
		FDCA8DEF1F99383C000C684F /* CategoryViewController.swift */ = {isa = PBXFileReference; lastKnownFileType = sourcecode.swift; path = CategoryViewController.swift; sourceTree = "<group>"; };
		FDCA8DF11F9952EE000C684F /* CategoryCollectionViewCell.swift */ = {isa = PBXFileReference; lastKnownFileType = sourcecode.swift; path = CategoryCollectionViewCell.swift; sourceTree = "<group>"; };
		FDCA8DF51F996CE5000C684F /* Article.swift */ = {isa = PBXFileReference; lastKnownFileType = sourcecode.swift; path = Article.swift; sourceTree = "<group>"; };
		FDCA8DF71F99754B000C684F /* NetworkController.swift */ = {isa = PBXFileReference; lastKnownFileType = sourcecode.swift; path = NetworkController.swift; sourceTree = "<group>"; };
		FDCA8DF91F997582000C684F /* ArticleController.swift */ = {isa = PBXFileReference; lastKnownFileType = sourcecode.swift; path = ArticleController.swift; sourceTree = "<group>"; };
		FDCA8DFB1F99811B000C684F /* Category.swift */ = {isa = PBXFileReference; lastKnownFileType = sourcecode.swift; path = Category.swift; sourceTree = "<group>"; };
		FDCA8E011F998365000C684F /* CategoryController.swift */ = {isa = PBXFileReference; lastKnownFileType = sourcecode.swift; path = CategoryController.swift; sourceTree = "<group>"; };
		FDE80EAD1F9A735F0062038E /* ListViewController.swift */ = {isa = PBXFileReference; lastKnownFileType = sourcecode.swift; path = ListViewController.swift; sourceTree = "<group>"; };
/* End PBXFileReference section */

/* Begin PBXFrameworksBuildPhase section */
		FDCA8DD71F993802000C684F /* Frameworks */ = {
			isa = PBXFrameworksBuildPhase;
			buildActionMask = 2147483647;
			files = (
			);
			runOnlyForDeploymentPostprocessing = 0;
		};
/* End PBXFrameworksBuildPhase section */

/* Begin PBXGroup section */
		FDCA8DD11F993802000C684F = {
			isa = PBXGroup;
			children = (
				FDCA8DDC1F993802000C684F /* Newsly */,
				FDCA8DDB1F993802000C684F /* Products */,
			);
			sourceTree = "<group>";
		};
		FDCA8DDB1F993802000C684F /* Products */ = {
			isa = PBXGroup;
			children = (
				FDCA8DDA1F993802000C684F /* Newsly.app */,
			);
			name = Products;
			sourceTree = "<group>";
		};
		FDCA8DDC1F993802000C684F /* Newsly */ = {
			isa = PBXGroup;
			children = (
				FDCA8DDD1F993802000C684F /* AppDelegate.swift */,
				FDCA8DE11F993802000C684F /* Main.storyboard */,
				FDCA8DFD1F998222000C684F /* Model */,
				FDCA8DFE1F998234000C684F /* Model Controller */,
				FDCA8E001F99823F000C684F /* View Controller */,
				FDCA8DFF1F99823B000C684F /* View */,
				FDCA8DF71F99754B000C684F /* NetworkController.swift */,
				FDCA8DE41F993802000C684F /* Assets.xcassets */,
				FDCA8DE61F993802000C684F /* LaunchScreen.storyboard */,
				FDCA8DE91F993802000C684F /* Info.plist */,
			);
			path = Newsly;
			sourceTree = "<group>";
		};
		FDCA8DFD1F998222000C684F /* Model */ = {
			isa = PBXGroup;
			children = (
				FDCA8DF51F996CE5000C684F /* Article.swift */,
				FDCA8DFB1F99811B000C684F /* Category.swift */,
			);
			path = Model;
			sourceTree = "<group>";
		};
		FDCA8DFE1F998234000C684F /* Model Controller */ = {
			isa = PBXGroup;
			children = (
				FDCA8DF91F997582000C684F /* ArticleController.swift */,
				FDCA8E011F998365000C684F /* CategoryController.swift */,
			);
			path = "Model Controller";
			sourceTree = "<group>";
		};
		FDCA8DFF1F99823B000C684F /* View */ = {
			isa = PBXGroup;
			children = (
				FDCA8DF11F9952EE000C684F /* CategoryCollectionViewCell.swift */,
			);
			path = View;
			sourceTree = "<group>";
		};
		FDCA8E001F99823F000C684F /* View Controller */ = {
			isa = PBXGroup;
			children = (
				FDCA8DEF1F99383C000C684F /* CategoryViewController.swift */,
				FDE80EAD1F9A735F0062038E /* ListViewController.swift */,
			);
			path = "View Controller";
			sourceTree = "<group>";
		};
/* End PBXGroup section */

/* Begin PBXNativeTarget section */
		FDCA8DD91F993802000C684F /* Newsly */ = {
			isa = PBXNativeTarget;
			buildConfigurationList = FDCA8DEC1F993802000C684F /* Build configuration list for PBXNativeTarget "Newsly" */;
			buildPhases = (
				FDCA8DD61F993802000C684F /* Sources */,
				FDCA8DD71F993802000C684F /* Frameworks */,
				FDCA8DD81F993802000C684F /* Resources */,
			);
			buildRules = (
			);
			dependencies = (
			);
			name = Newsly;
			productName = Newsly;
			productReference = FDCA8DDA1F993802000C684F /* Newsly.app */;
			productType = "com.apple.product-type.application";
		};
/* End PBXNativeTarget section */

/* Begin PBXProject section */
		FDCA8DD21F993802000C684F /* Project object */ = {
			isa = PBXProject;
			attributes = {
				LastSwiftUpdateCheck = 0900;
				LastUpgradeCheck = 0900;
				ORGANIZATIONNAME = Sohail;
				TargetAttributes = {
					FDCA8DD91F993802000C684F = {
						CreatedOnToolsVersion = 9.0;
						ProvisioningStyle = Automatic;
					};
				};
			};
			buildConfigurationList = FDCA8DD51F993802000C684F /* Build configuration list for PBXProject "Newsly" */;
			compatibilityVersion = "Xcode 8.0";
			developmentRegion = en;
			hasScannedForEncodings = 0;
			knownRegions = (
				en,
				Base,
			);
			mainGroup = FDCA8DD11F993802000C684F;
			productRefGroup = FDCA8DDB1F993802000C684F /* Products */;
			projectDirPath = "";
			projectRoot = "";
			targets = (
				FDCA8DD91F993802000C684F /* Newsly */,
			);
		};
/* End PBXProject section */

/* Begin PBXResourcesBuildPhase section */
		FDCA8DD81F993802000C684F /* Resources */ = {
			isa = PBXResourcesBuildPhase;
			buildActionMask = 2147483647;
			files = (
				FDCA8DE81F993802000C684F /* LaunchScreen.storyboard in Resources */,
				FDCA8DE51F993802000C684F /* Assets.xcassets in Resources */,
				FDCA8DE31F993802000C684F /* Main.storyboard in Resources */,
			);
			runOnlyForDeploymentPostprocessing = 0;
		};
/* End PBXResourcesBuildPhase section */

/* Begin PBXSourcesBuildPhase section */
		FDCA8DD61F993802000C684F /* Sources */ = {
			isa = PBXSourcesBuildPhase;
			buildActionMask = 2147483647;
			files = (
				FDCA8DFA1F997582000C684F /* ArticleController.swift in Sources */,
				FDCA8DF81F99754B000C684F /* NetworkController.swift in Sources */,
				FDCA8DF01F99383C000C684F /* CategoryViewController.swift in Sources */,
				FDCA8E021F998365000C684F /* CategoryController.swift in Sources */,
				FDCA8DF21F9952EE000C684F /* CategoryCollectionViewCell.swift in Sources */,
				FDE80EAE1F9A735F0062038E /* ListViewController.swift in Sources */,
				FDCA8DFC1F99811B000C684F /* Category.swift in Sources */,
				FDCA8DDE1F993802000C684F /* AppDelegate.swift in Sources */,
				FDCA8DF61F996CE5000C684F /* Article.swift in Sources */,
			);
			runOnlyForDeploymentPostprocessing = 0;
		};
/* End PBXSourcesBuildPhase section */

/* Begin PBXVariantGroup section */
		FDCA8DE11F993802000C684F /* Main.storyboard */ = {
			isa = PBXVariantGroup;
			children = (
				FDCA8DE21F993802000C684F /* Base */,
			);
			name = Main.storyboard;
			sourceTree = "<group>";
		};
		FDCA8DE61F993802000C684F /* LaunchScreen.storyboard */ = {
			isa = PBXVariantGroup;
			children = (
				FDCA8DE71F993802000C684F /* Base */,
			);
			name = LaunchScreen.storyboard;
			sourceTree = "<group>";
		};
/* End PBXVariantGroup section */

/* Begin XCBuildConfiguration section */
		FDCA8DEA1F993802000C684F /* Debug */ = {
			isa = XCBuildConfiguration;
			buildSettings = {
				ALWAYS_SEARCH_USER_PATHS = NO;
				CLANG_ANALYZER_NONNULL = YES;
				CLANG_ANALYZER_NUMBER_OBJECT_CONVERSION = YES_AGGRESSIVE;
				CLANG_CXX_LANGUAGE_STANDARD = "gnu++14";
				CLANG_CXX_LIBRARY = "libc++";
				CLANG_ENABLE_MODULES = YES;
				CLANG_ENABLE_OBJC_ARC = YES;
				CLANG_WARN_BLOCK_CAPTURE_AUTORELEASING = YES;
				CLANG_WARN_BOOL_CONVERSION = YES;
				CLANG_WARN_COMMA = YES;
				CLANG_WARN_CONSTANT_CONVERSION = YES;
				CLANG_WARN_DIRECT_OBJC_ISA_USAGE = YES_ERROR;
				CLANG_WARN_DOCUMENTATION_COMMENTS = YES;
				CLANG_WARN_EMPTY_BODY = YES;
				CLANG_WARN_ENUM_CONVERSION = YES;
				CLANG_WARN_INFINITE_RECURSION = YES;
				CLANG_WARN_INT_CONVERSION = YES;
				CLANG_WARN_NON_LITERAL_NULL_CONVERSION = YES;
				CLANG_WARN_OBJC_LITERAL_CONVERSION = YES;
				CLANG_WARN_OBJC_ROOT_CLASS = YES_ERROR;
				CLANG_WARN_RANGE_LOOP_ANALYSIS = YES;
				CLANG_WARN_STRICT_PROTOTYPES = YES;
				CLANG_WARN_SUSPICIOUS_MOVE = YES;
				CLANG_WARN_UNGUARDED_AVAILABILITY = YES_AGGRESSIVE;
				CLANG_WARN_UNREACHABLE_CODE = YES;
				CLANG_WARN__DUPLICATE_METHOD_MATCH = YES;
				CODE_SIGN_IDENTITY = "iPhone Developer";
				COPY_PHASE_STRIP = NO;
				DEBUG_INFORMATION_FORMAT = dwarf;
				ENABLE_STRICT_OBJC_MSGSEND = YES;
				ENABLE_TESTABILITY = YES;
				GCC_C_LANGUAGE_STANDARD = gnu11;
				GCC_DYNAMIC_NO_PIC = NO;
				GCC_NO_COMMON_BLOCKS = YES;
				GCC_OPTIMIZATION_LEVEL = 0;
				GCC_PREPROCESSOR_DEFINITIONS = (
					"DEBUG=1",
					"$(inherited)",
				);
				GCC_WARN_64_TO_32_BIT_CONVERSION = YES;
				GCC_WARN_ABOUT_RETURN_TYPE = YES_ERROR;
				GCC_WARN_UNDECLARED_SELECTOR = YES;
				GCC_WARN_UNINITIALIZED_AUTOS = YES_AGGRESSIVE;
				GCC_WARN_UNUSED_FUNCTION = YES;
				GCC_WARN_UNUSED_VARIABLE = YES;
				IPHONEOS_DEPLOYMENT_TARGET = 11.0;
				MTL_ENABLE_DEBUG_INFO = YES;
				ONLY_ACTIVE_ARCH = YES;
				SDKROOT = iphoneos;
				SWIFT_ACTIVE_COMPILATION_CONDITIONS = DEBUG;
				SWIFT_OPTIMIZATION_LEVEL = "-Onone";
			};
			name = Debug;
		};
		FDCA8DEB1F993802000C684F /* Release */ = {
			isa = XCBuildConfiguration;
			buildSettings = {
				ALWAYS_SEARCH_USER_PATHS = NO;
				CLANG_ANALYZER_NONNULL = YES;
				CLANG_ANALYZER_NUMBER_OBJECT_CONVERSION = YES_AGGRESSIVE;
				CLANG_CXX_LANGUAGE_STANDARD = "gnu++14";
				CLANG_CXX_LIBRARY = "libc++";
				CLANG_ENABLE_MODULES = YES;
				CLANG_ENABLE_OBJC_ARC = YES;
				CLANG_WARN_BLOCK_CAPTURE_AUTORELEASING = YES;
				CLANG_WARN_BOOL_CONVERSION = YES;
				CLANG_WARN_COMMA = YES;
				CLANG_WARN_CONSTANT_CONVERSION = YES;
				CLANG_WARN_DIRECT_OBJC_ISA_USAGE = YES_ERROR;
				CLANG_WARN_DOCUMENTATION_COMMENTS = YES;
				CLANG_WARN_EMPTY_BODY = YES;
				CLANG_WARN_ENUM_CONVERSION = YES;
				CLANG_WARN_INFINITE_RECURSION = YES;
				CLANG_WARN_INT_CONVERSION = YES;
				CLANG_WARN_NON_LITERAL_NULL_CONVERSION = YES;
				CLANG_WARN_OBJC_LITERAL_CONVERSION = YES;
				CLANG_WARN_OBJC_ROOT_CLASS = YES_ERROR;
				CLANG_WARN_RANGE_LOOP_ANALYSIS = YES;
				CLANG_WARN_STRICT_PROTOTYPES = YES;
				CLANG_WARN_SUSPICIOUS_MOVE = YES;
				CLANG_WARN_UNGUARDED_AVAILABILITY = YES_AGGRESSIVE;
				CLANG_WARN_UNREACHABLE_CODE = YES;
				CLANG_WARN__DUPLICATE_METHOD_MATCH = YES;
				CODE_SIGN_IDENTITY = "iPhone Developer";
				COPY_PHASE_STRIP = NO;
				DEBUG_INFORMATION_FORMAT = "dwarf-with-dsym";
				ENABLE_NS_ASSERTIONS = NO;
				ENABLE_STRICT_OBJC_MSGSEND = YES;
				GCC_C_LANGUAGE_STANDARD = gnu11;
				GCC_NO_COMMON_BLOCKS = YES;
				GCC_WARN_64_TO_32_BIT_CONVERSION = YES;
				GCC_WARN_ABOUT_RETURN_TYPE = YES_ERROR;
				GCC_WARN_UNDECLARED_SELECTOR = YES;
				GCC_WARN_UNINITIALIZED_AUTOS = YES_AGGRESSIVE;
				GCC_WARN_UNUSED_FUNCTION = YES;
				GCC_WARN_UNUSED_VARIABLE = YES;
				IPHONEOS_DEPLOYMENT_TARGET = 11.0;
				MTL_ENABLE_DEBUG_INFO = NO;
				SDKROOT = iphoneos;
				SWIFT_OPTIMIZATION_LEVEL = "-Owholemodule";
				VALIDATE_PRODUCT = YES;
			};
			name = Release;
		};
		FDCA8DED1F993802000C684F /* Debug */ = {
			isa = XCBuildConfiguration;
			buildSettings = {
				ASSETCATALOG_COMPILER_APPICON_NAME = AppIcon;
				CODE_SIGN_STYLE = Automatic;
				DEVELOPMENT_TEAM = XFHGVA942A;
				INFOPLIST_FILE = Newsly/Info.plist;
				LD_RUNPATH_SEARCH_PATHS = "$(inherited) @executable_path/Frameworks";
				PRODUCT_BUNDLE_IDENTIFIER = Sohail.Newsly;
				PRODUCT_NAME = "$(TARGET_NAME)";
				SWIFT_VERSION = 4.0;
				TARGETED_DEVICE_FAMILY = "1,2";
			};
			name = Debug;
		};
		FDCA8DEE1F993802000C684F /* Release */ = {
			isa = XCBuildConfiguration;
			buildSettings = {
				ASSETCATALOG_COMPILER_APPICON_NAME = AppIcon;
				CODE_SIGN_STYLE = Automatic;
				DEVELOPMENT_TEAM = XFHGVA942A;
				INFOPLIST_FILE = Newsly/Info.plist;
				LD_RUNPATH_SEARCH_PATHS = "$(inherited) @executable_path/Frameworks";
				PRODUCT_BUNDLE_IDENTIFIER = Sohail.Newsly;
				PRODUCT_NAME = "$(TARGET_NAME)";
				SWIFT_VERSION = 4.0;
				TARGETED_DEVICE_FAMILY = "1,2";
			};
			name = Release;
		};
/* End XCBuildConfiguration section */

/* Begin XCConfigurationList section */
		FDCA8DD51F993802000C684F /* Build configuration list for PBXProject "Newsly" */ = {
			isa = XCConfigurationList;
			buildConfigurations = (
				FDCA8DEA1F993802000C684F /* Debug */,
				FDCA8DEB1F993802000C684F /* Release */,
			);
			defaultConfigurationIsVisible = 0;
			defaultConfigurationName = Release;
		};
		FDCA8DEC1F993802000C684F /* Build configuration list for PBXNativeTarget "Newsly" */ = {
			isa = XCConfigurationList;
			buildConfigurations = (
				FDCA8DED1F993802000C684F /* Debug */,
				FDCA8DEE1F993802000C684F /* Release */,
			);
			defaultConfigurationIsVisible = 0;
			defaultConfigurationName = Release;
		};
/* End XCConfigurationList section */
	};
	rootObject = FDCA8DD21F993802000C684F /* Project object */;
}
